
Microsoft Visual Studio Solution File, Format Version 12.00
# Visual Studio Version 16
VisualStudioVersion = 16.0.30011.22
MinimumVisualStudioVersion = 10.0.40219.1
Project("{FAE04EC0-301F-11D3-BF4B-00C04F79EFBC}") = "NumbertoWords", "NumbertoWords\NumbertoWords.csproj", "{32F60E7E-A2C9-4775-9F7F-B5CE2A55E49F}"
EndProject
Project("{FAE04EC0-301F-11D3-BF4B-00C04F79EFBC}") = "numberSystemTest", "numberSystemTest\numberSystemTest.csproj", "{6D9AB4F9-5E75-4EEA-B6D0-896F42676B7D}"
EndProject
Global
	GlobalSection(SolutionConfigurationPlatforms) = preSolution
		Debug|Any CPU = Debug|Any CPU
		Release|Any CPU = Release|Any CPU
	EndGlobalSection
	GlobalSection(ProjectConfigurationPlatforms) = postSolution
		{32F60E7E-A2C9-4775-9F7F-B5CE2A55E49F}.Debug|Any CPU.ActiveCfg = Debug|Any CPU
		{32F60E7E-A2C9-4775-9F7F-B5CE2A55E49F}.Debug|Any CPU.Build.0 = Debug|Any CPU
		{32F60E7E-A2C9-4775-9F7F-B5CE2A55E49F}.Release|Any CPU.ActiveCfg = Release|Any CPU
		{32F60E7E-A2C9-4775-9F7F-B5CE2A55E49F}.Release|Any CPU.Build.0 = Release|Any CPU
		{6D9AB4F9-5E75-4EEA-B6D0-896F42676B7D}.Debug|Any CPU.ActiveCfg = Debug|Any CPU
		{6D9AB4F9-5E75-4EEA-B6D0-896F42676B7D}.Debug|Any CPU.Build.0 = Debug|Any CPU
		{6D9AB4F9-5E75-4EEA-B6D0-896F42676B7D}.Release|Any CPU.ActiveCfg = Release|Any CPU
		{6D9AB4F9-5E75-4EEA-B6D0-896F42676B7D}.Release|Any CPU.Build.0 = Release|Any CPU
	EndGlobalSection
	GlobalSection(SolutionProperties) = preSolution
		HideSolutionNode = FALSE
	EndGlobalSection
	GlobalSection(ExtensibilityGlobals) = postSolution
		SolutionGuid = {2E6D077F-CFDB-4F01-9895-B72B1970134D}
	EndGlobalSection
EndGlobal
